
Microsoft Visual Studio Solution File, Format Version 12.00
# Visual Studio Version 17
VisualStudioVersion = 17.8.34525.116
MinimumVisualStudioVersion = 10.0.40219.1
Project("{9A19103F-16F7-4668-BE54-9A1E7A4F7556}") = "BatchInsert.Example.MinimalAPI", "BatchInsert.Example\BatchInsert.Example.MinimalAPI.csproj", "{A22FA878-43FC-4305-A6A4-3424E1A68172}"
EndProject
Project("{9A19103F-16F7-4668-BE54-9A1E7A4F7556}") = "BatchInsert.Example.Dapper", "BatchInsert.Example.Dapper\BatchInsert.Example.Dapper.csproj", "{47110753-BE4F-4F4F-9AC7-540920939C81}"
EndProject
Project("{9A19103F-16F7-4668-BE54-9A1E7A4F7556}") = "BatchInsert.Example.DbScripts", "BatchInsert.Example.DbScripts\BatchInsert.Example.DbScripts.csproj", "{D415B385-08BB-4D83-BD7E-F322758AEF24}"
EndProject
Global
	GlobalSection(SolutionConfigurationPlatforms) = preSolution
		Debug|Any CPU = Debug|Any CPU
		Release|Any CPU = Release|Any CPU
	EndGlobalSection
	GlobalSection(ProjectConfigurationPlatforms) = postSolution
		{A22FA878-43FC-4305-A6A4-3424E1A68172}.Debug|Any CPU.ActiveCfg = Debug|Any CPU
		{A22FA878-43FC-4305-A6A4-3424E1A68172}.Debug|Any CPU.Build.0 = Debug|Any CPU
		{A22FA878-43FC-4305-A6A4-3424E1A68172}.Release|Any CPU.ActiveCfg = Release|Any CPU
		{A22FA878-43FC-4305-A6A4-3424E1A68172}.Release|Any CPU.Build.0 = Release|Any CPU
		{47110753-BE4F-4F4F-9AC7-540920939C81}.Debug|Any CPU.ActiveCfg = Debug|Any CPU
		{47110753-BE4F-4F4F-9AC7-540920939C81}.Debug|Any CPU.Build.0 = Debug|Any CPU
		{47110753-BE4F-4F4F-9AC7-540920939C81}.Release|Any CPU.ActiveCfg = Release|Any CPU
		{47110753-BE4F-4F4F-9AC7-540920939C81}.Release|Any CPU.Build.0 = Release|Any CPU
		{D415B385-08BB-4D83-BD7E-F322758AEF24}.Debug|Any CPU.ActiveCfg = Debug|Any CPU
		{D415B385-08BB-4D83-BD7E-F322758AEF24}.Debug|Any CPU.Build.0 = Debug|Any CPU
		{D415B385-08BB-4D83-BD7E-F322758AEF24}.Release|Any CPU.ActiveCfg = Release|Any CPU
		{D415B385-08BB-4D83-BD7E-F322758AEF24}.Release|Any CPU.Build.0 = Release|Any CPU
	EndGlobalSection
	GlobalSection(SolutionProperties) = preSolution
		HideSolutionNode = FALSE
	EndGlobalSection
	GlobalSection(ExtensibilityGlobals) = postSolution
		SolutionGuid = {55572C6B-D035-428B-84D3-30EE58120745}
	EndGlobalSection
EndGlobal
